# This file is automatically @generated by Cargo.
# It is not intended for manual editing.
version = 4

[[package]]
name = "Example"
version = "0.1.0"
dependencies = [
 "procmacros",
 "shaderz",
]

[[package]]
name = "procmacros"
version = "0.1.0"
dependencies = [
 "shaderz",
]

[[package]]
name = "shaderz"
version = "0.1.0"
